
Microsoft Visual Studio Solution File, Format Version 12.00
# Visual Studio 15
VisualStudioVersion = 15.0.28010.2041
MinimumVisualStudioVersion = 10.0.40219.1
Project("{FAE04EC0-301F-11D3-BF4B-00C04F79EFBC}") = "IS4CCRedirectUriIssue", "IS4CCRedirectUriIssue\IS4CCRedirectUriIssue.csproj", "{5FA5B160-9451-4E7B-9215-903F3F9BBF19}"
EndProject
Global
	GlobalSection(SolutionConfigurationPlatforms) = preSolution
		Debug|Any CPU = Debug|Any CPU
		Release|Any CPU = Release|Any CPU
	EndGlobalSection
	GlobalSection(ProjectConfigurationPlatforms) = postSolution
		{5FA5B160-9451-4E7B-9215-903F3F9BBF19}.Debug|Any CPU.ActiveCfg = Debug|Any CPU
		{5FA5B160-9451-4E7B-9215-903F3F9BBF19}.Debug|Any CPU.Build.0 = Debug|Any CPU
		{5FA5B160-9451-4E7B-9215-903F3F9BBF19}.Release|Any CPU.ActiveCfg = Release|Any CPU
		{5FA5B160-9451-4E7B-9215-903F3F9BBF19}.Release|Any CPU.Build.0 = Release|Any CPU
	EndGlobalSection
	GlobalSection(SolutionProperties) = preSolution
		HideSolutionNode = FALSE
	EndGlobalSection
	GlobalSection(ExtensibilityGlobals) = postSolution
		SolutionGuid = {7E014F9C-3C03-4875-8998-596CE1C5E1C1}
	EndGlobalSection
EndGlobal
